
Microsoft Visual Studio Solution File, Format Version 12.00
# Visual Studio Version 16
VisualStudioVersion = 16.0.28803.352
MinimumVisualStudioVersion = 10.0.40219.1
Project("{FAE04EC0-301F-11D3-BF4B-00C04F79EFBC}") = "CodinGame_Lab", "CodinGame_Lab\CodinGame_Lab.csproj", "{9DCAD016-BA9C-4892-AACD-3BEF12789DB7}"
EndProject
Global
	GlobalSection(SolutionConfigurationPlatforms) = preSolution
		Debug|Any CPU = Debug|Any CPU
		Release|Any CPU = Release|Any CPU
	EndGlobalSection
	GlobalSection(ProjectConfigurationPlatforms) = postSolution
		{9DCAD016-BA9C-4892-AACD-3BEF12789DB7}.Debug|Any CPU.ActiveCfg = Debug|Any CPU
		{9DCAD016-BA9C-4892-AACD-3BEF12789DB7}.Debug|Any CPU.Build.0 = Debug|Any CPU
		{9DCAD016-BA9C-4892-AACD-3BEF12789DB7}.Release|Any CPU.ActiveCfg = Release|Any CPU
		{9DCAD016-BA9C-4892-AACD-3BEF12789DB7}.Release|Any CPU.Build.0 = Release|Any CPU
	EndGlobalSection
	GlobalSection(SolutionProperties) = preSolution
		HideSolutionNode = FALSE
	EndGlobalSection
	GlobalSection(ExtensibilityGlobals) = postSolution
		SolutionGuid = {D06157D3-5C34-4A6E-9B58-5C2ABFAF9E82}
	EndGlobalSection
EndGlobal
